
Microsoft Visual Studio Solution File, Format Version 12.00
# Visual Studio 15
VisualStudioVersion = 15.0.26430.15
MinimumVisualStudioVersion = 10.0.40219.1
Project("{FAE04EC0-301F-11D3-BF4B-00C04F79EFBC}") = "CSharpCodeTest", "CSharpCodeTest\CSharpCodeTest.csproj", "{15DE7D84-00AF-4C4C-B0E7-E920AE916E58}"
EndProject
Global
	GlobalSection(SolutionConfigurationPlatforms) = preSolution
		Debug|Any CPU = Debug|Any CPU
		Release|Any CPU = Release|Any CPU
	EndGlobalSection
	GlobalSection(ProjectConfigurationPlatforms) = postSolution
		{15DE7D84-00AF-4C4C-B0E7-E920AE916E58}.Debug|Any CPU.ActiveCfg = Debug|Any CPU
		{15DE7D84-00AF-4C4C-B0E7-E920AE916E58}.Debug|Any CPU.Build.0 = Debug|Any CPU
		{15DE7D84-00AF-4C4C-B0E7-E920AE916E58}.Release|Any CPU.ActiveCfg = Release|Any CPU
		{15DE7D84-00AF-4C4C-B0E7-E920AE916E58}.Release|Any CPU.Build.0 = Release|Any CPU
	EndGlobalSection
	GlobalSection(SolutionProperties) = preSolution
		HideSolutionNode = FALSE
	EndGlobalSection
EndGlobal
